
Microsoft Visual Studio Solution File, Format Version 12.00
# Visual Studio Version 17
VisualStudioVersion = 17.7.34024.191
MinimumVisualStudioVersion = 10.0.40219.1
Project("{FAE04EC0-301F-11D3-BF4B-00C04F79EFBC}") = "Supermarket", "Supermarket\Supermarket.csproj", "{C51C57EF-4EAA-4D13-8DD8-0CD5B4EA6513}"
EndProject
Global
	GlobalSection(SolutionConfigurationPlatforms) = preSolution
		Debug|Any CPU = Debug|Any CPU
		Release|Any CPU = Release|Any CPU
	EndGlobalSection
	GlobalSection(ProjectConfigurationPlatforms) = postSolution
		{C51C57EF-4EAA-4D13-8DD8-0CD5B4EA6513}.Debug|Any CPU.ActiveCfg = Debug|Any CPU
		{C51C57EF-4EAA-4D13-8DD8-0CD5B4EA6513}.Debug|Any CPU.Build.0 = Debug|Any CPU
		{C51C57EF-4EAA-4D13-8DD8-0CD5B4EA6513}.Release|Any CPU.ActiveCfg = Release|Any CPU
		{C51C57EF-4EAA-4D13-8DD8-0CD5B4EA6513}.Release|Any CPU.Build.0 = Release|Any CPU
	EndGlobalSection
	GlobalSection(SolutionProperties) = preSolution
		HideSolutionNode = FALSE
	EndGlobalSection
	GlobalSection(ExtensibilityGlobals) = postSolution
		SolutionGuid = {DBA018CB-47B5-463D-AF8F-1868C83990D0}
	EndGlobalSection
EndGlobal
